
Microsoft Visual Studio Solution File, Format Version 12.00
# Visual Studio Version 16
VisualStudioVersion = 16.0.29123.88
MinimumVisualStudioVersion = 10.0.40219.1
Project("{9A19103F-16F7-4668-BE54-9A1E7A4F7556}") = "TestProjectRules", "TestProjectRules\TestProjectRules.csproj", "{5B948FA9-C6BA-4408-B359-FFD23FDD1946}"
EndProject
Project("{9A19103F-16F7-4668-BE54-9A1E7A4F7556}") = "Services", "Services\Services.csproj", "{3AC78577-B990-47F8-9B3A-CEF62FA68602}"
EndProject
Project("{9A19103F-16F7-4668-BE54-9A1E7A4F7556}") = "Dtos", "Dtos\Dtos.csproj", "{61BB7259-7D79-4802-A936-E877B38EA10E}"
EndProject
Project("{9A19103F-16F7-4668-BE54-9A1E7A4F7556}") = "DomainModels", "DomainModels\DomainModels.csproj", "{19899BE8-5BEB-47A0-AA69-C30847CBDC97}"
EndProject
Project("{9A19103F-16F7-4668-BE54-9A1E7A4F7556}") = "TelegramBot", "TelegramBot\TelegramBot.csproj", "{4125D7D7-15EF-48DC-8171-40D4CCA03C57}"
EndProject
Global
	GlobalSection(SolutionConfigurationPlatforms) = preSolution
		Debug|Any CPU = Debug|Any CPU
		Release|Any CPU = Release|Any CPU
	EndGlobalSection
	GlobalSection(ProjectConfigurationPlatforms) = postSolution
		{5B948FA9-C6BA-4408-B359-FFD23FDD1946}.Debug|Any CPU.ActiveCfg = Debug|Any CPU
		{5B948FA9-C6BA-4408-B359-FFD23FDD1946}.Debug|Any CPU.Build.0 = Debug|Any CPU
		{5B948FA9-C6BA-4408-B359-FFD23FDD1946}.Release|Any CPU.ActiveCfg = Release|Any CPU
		{5B948FA9-C6BA-4408-B359-FFD23FDD1946}.Release|Any CPU.Build.0 = Release|Any CPU
		{3AC78577-B990-47F8-9B3A-CEF62FA68602}.Debug|Any CPU.ActiveCfg = Debug|Any CPU
		{3AC78577-B990-47F8-9B3A-CEF62FA68602}.Debug|Any CPU.Build.0 = Debug|Any CPU
		{3AC78577-B990-47F8-9B3A-CEF62FA68602}.Release|Any CPU.ActiveCfg = Release|Any CPU
		{3AC78577-B990-47F8-9B3A-CEF62FA68602}.Release|Any CPU.Build.0 = Release|Any CPU
		{61BB7259-7D79-4802-A936-E877B38EA10E}.Debug|Any CPU.ActiveCfg = Debug|Any CPU
		{61BB7259-7D79-4802-A936-E877B38EA10E}.Debug|Any CPU.Build.0 = Debug|Any CPU
		{61BB7259-7D79-4802-A936-E877B38EA10E}.Release|Any CPU.ActiveCfg = Release|Any CPU
		{61BB7259-7D79-4802-A936-E877B38EA10E}.Release|Any CPU.Build.0 = Release|Any CPU
		{19899BE8-5BEB-47A0-AA69-C30847CBDC97}.Debug|Any CPU.ActiveCfg = Debug|Any CPU
		{19899BE8-5BEB-47A0-AA69-C30847CBDC97}.Debug|Any CPU.Build.0 = Debug|Any CPU
		{19899BE8-5BEB-47A0-AA69-C30847CBDC97}.Release|Any CPU.ActiveCfg = Release|Any CPU
		{19899BE8-5BEB-47A0-AA69-C30847CBDC97}.Release|Any CPU.Build.0 = Release|Any CPU
		{4125D7D7-15EF-48DC-8171-40D4CCA03C57}.Debug|Any CPU.ActiveCfg = Debug|Any CPU
		{4125D7D7-15EF-48DC-8171-40D4CCA03C57}.Debug|Any CPU.Build.0 = Debug|Any CPU
		{4125D7D7-15EF-48DC-8171-40D4CCA03C57}.Release|Any CPU.ActiveCfg = Release|Any CPU
		{4125D7D7-15EF-48DC-8171-40D4CCA03C57}.Release|Any CPU.Build.0 = Release|Any CPU
	EndGlobalSection
	GlobalSection(SolutionProperties) = preSolution
		HideSolutionNode = FALSE
	EndGlobalSection
	GlobalSection(ExtensibilityGlobals) = postSolution
		SolutionGuid = {C392FEBA-AAA6-45F2-8C3B-5BCBFEF7DDCE}
	EndGlobalSection
EndGlobal
